// !$*UTF8*$!
{
	archiveVersion = 1;
	classes = {
	};
	objectVersion = 50;
	objects = {

/* Begin PBXBuildFile section */
		213791F421A6A3AF00C0B813 /* AppDelegate.swift in Sources */ = {isa = PBXBuildFile; fileRef = 213791F321A6A3AF00C0B813 /* AppDelegate.swift */; };
		213791F621A6A3AF00C0B813 /* ViewController.swift in Sources */ = {isa = PBXBuildFile; fileRef = 213791F521A6A3AF00C0B813 /* ViewController.swift */; };
		213791F921A6A3AF00C0B813 /* Main.storyboard in Resources */ = {isa = PBXBuildFile; fileRef = 213791F721A6A3AF00C0B813 /* Main.storyboard */; };
		213791FB21A6A3B100C0B813 /* Assets.xcassets in Resources */ = {isa = PBXBuildFile; fileRef = 213791FA21A6A3B100C0B813 /* Assets.xcassets */; };
		213791FE21A6A3B100C0B813 /* LaunchScreen.storyboard in Resources */ = {isa = PBXBuildFile; fileRef = 213791FC21A6A3B100C0B813 /* LaunchScreen.storyboard */; };
		2137920921A6A3B100C0B813 /* Test_ask_fmTests.swift in Sources */ = {isa = PBXBuildFile; fileRef = 2137920821A6A3B100C0B813 /* Test_ask_fmTests.swift */; };
		2137921421A6A3B100C0B813 /* Test_ask_fmUITests.swift in Sources */ = {isa = PBXBuildFile; fileRef = 2137921321A6A3B100C0B813 /* Test_ask_fmUITests.swift */; };
/* End PBXBuildFile section */

/* Begin PBXContainerItemProxy section */
		2137920521A6A3B100C0B813 /* PBXContainerItemProxy */ = {
			isa = PBXContainerItemProxy;
			containerPortal = 213791E821A6A3AF00C0B813 /* Project object */;
			proxyType = 1;
			remoteGlobalIDString = 213791EF21A6A3AF00C0B813;
			remoteInfo = Test_ask.fm;
		};
		2137921021A6A3B100C0B813 /* PBXContainerItemProxy */ = {
			isa = PBXContainerItemProxy;
			containerPortal = 213791E821A6A3AF00C0B813 /* Project object */;
			proxyType = 1;
			remoteGlobalIDString = 213791EF21A6A3AF00C0B813;
			remoteInfo = Test_ask.fm;
		};
/* End PBXContainerItemProxy section */

/* Begin PBXFileReference section */
		213791F021A6A3AF00C0B813 /* Test_ask.fm.app */ = {isa = PBXFileReference; explicitFileType = wrapper.application; includeInIndex = 0; path = Test_ask.fm.app; sourceTree = BUILT_PRODUCTS_DIR; };
		213791F321A6A3AF00C0B813 /* AppDelegate.swift */ = {isa = PBXFileReference; lastKnownFileType = sourcecode.swift; path = AppDelegate.swift; sourceTree = "<group>"; };
		213791F521A6A3AF00C0B813 /* ViewController.swift */ = {isa = PBXFileReference; lastKnownFileType = sourcecode.swift; path = ViewController.swift; sourceTree = "<group>"; };
		213791F821A6A3AF00C0B813 /* Base */ = {isa = PBXFileReference; lastKnownFileType = file.storyboard; name = Base; path = Base.lproj/Main.storyboard; sourceTree = "<group>"; };
		213791FA21A6A3B100C0B813 /* Assets.xcassets */ = {isa = PBXFileReference; lastKnownFileType = folder.assetcatalog; path = Assets.xcassets; sourceTree = "<group>"; };
		213791FD21A6A3B100C0B813 /* Base */ = {isa = PBXFileReference; lastKnownFileType = file.storyboard; name = Base; path = Base.lproj/LaunchScreen.storyboard; sourceTree = "<group>"; };
		213791FF21A6A3B100C0B813 /* Info.plist */ = {isa = PBXFileReference; lastKnownFileType = text.plist.xml; path = Info.plist; sourceTree = "<group>"; };
		2137920421A6A3B100C0B813 /* Test_ask.fmTests.xctest */ = {isa = PBXFileReference; explicitFileType = wrapper.cfbundle; includeInIndex = 0; path = Test_ask.fmTests.xctest; sourceTree = BUILT_PRODUCTS_DIR; };
		2137920821A6A3B100C0B813 /* Test_ask_fmTests.swift */ = {isa = PBXFileReference; lastKnownFileType = sourcecode.swift; path = Test_ask_fmTests.swift; sourceTree = "<group>"; };
		2137920A21A6A3B100C0B813 /* Info.plist */ = {isa = PBXFileReference; lastKnownFileType = text.plist.xml; path = Info.plist; sourceTree = "<group>"; };
		2137920F21A6A3B100C0B813 /* Test_ask.fmUITests.xctest */ = {isa = PBXFileReference; explicitFileType = wrapper.cfbundle; includeInIndex = 0; path = Test_ask.fmUITests.xctest; sourceTree = BUILT_PRODUCTS_DIR; };
		2137921321A6A3B100C0B813 /* Test_ask_fmUITests.swift */ = {isa = PBXFileReference; lastKnownFileType = sourcecode.swift; path = Test_ask_fmUITests.swift; sourceTree = "<group>"; };
		2137921521A6A3B100C0B813 /* Info.plist */ = {isa = PBXFileReference; lastKnownFileType = text.plist.xml; path = Info.plist; sourceTree = "<group>"; };
/* End PBXFileReference section */

/* Begin PBXFrameworksBuildPhase section */
		213791ED21A6A3AF00C0B813 /* Frameworks */ = {
			isa = PBXFrameworksBuildPhase;
			buildActionMask = 2147483647;
			files = (
			);
			runOnlyForDeploymentPostprocessing = 0;
		};
		2137920121A6A3B100C0B813 /* Frameworks */ = {
			isa = PBXFrameworksBuildPhase;
			buildActionMask = 2147483647;
			files = (
			);
			runOnlyForDeploymentPostprocessing = 0;
		};
		2137920C21A6A3B100C0B813 /* Frameworks */ = {
			isa = PBXFrameworksBuildPhase;
			buildActionMask = 2147483647;
			files = (
			);
			runOnlyForDeploymentPostprocessing = 0;
		};
/* End PBXFrameworksBuildPhase section */

/* Begin PBXGroup section */
		213791E721A6A3AF00C0B813 = {
			isa = PBXGroup;
			children = (
				213791F221A6A3AF00C0B813 /* Test_ask.fm */,
				2137920721A6A3B100C0B813 /* Test_ask.fmTests */,
				2137921221A6A3B100C0B813 /* Test_ask.fmUITests */,
				213791F121A6A3AF00C0B813 /* Products */,
			);
			sourceTree = "<group>";
		};
		213791F121A6A3AF00C0B813 /* Products */ = {
			isa = PBXGroup;
			children = (
				213791F021A6A3AF00C0B813 /* Test_ask.fm.app */,
				2137920421A6A3B100C0B813 /* Test_ask.fmTests.xctest */,
				2137920F21A6A3B100C0B813 /* Test_ask.fmUITests.xctest */,
			);
			name = Products;
			sourceTree = "<group>";
		};
		213791F221A6A3AF00C0B813 /* Test_ask.fm */ = {
			isa = PBXGroup;
			children = (
				213791F321A6A3AF00C0B813 /* AppDelegate.swift */,
				213791F521A6A3AF00C0B813 /* ViewController.swift */,
				213791F721A6A3AF00C0B813 /* Main.storyboard */,
				213791FA21A6A3B100C0B813 /* Assets.xcassets */,
				213791FC21A6A3B100C0B813 /* LaunchScreen.storyboard */,
				213791FF21A6A3B100C0B813 /* Info.plist */,
			);
			path = Test_ask.fm;
			sourceTree = "<group>";
		};
		2137920721A6A3B100C0B813 /* Test_ask.fmTests */ = {
			isa = PBXGroup;
			children = (
				2137920821A6A3B100C0B813 /* Test_ask_fmTests.swift */,
				2137920A21A6A3B100C0B813 /* Info.plist */,
			);
			path = Test_ask.fmTests;
			sourceTree = "<group>";
		};
		2137921221A6A3B100C0B813 /* Test_ask.fmUITests */ = {
			isa = PBXGroup;
			children = (
				2137921321A6A3B100C0B813 /* Test_ask_fmUITests.swift */,
				2137921521A6A3B100C0B813 /* Info.plist */,
			);
			path = Test_ask.fmUITests;
			sourceTree = "<group>";
		};
/* End PBXGroup section */

/* Begin PBXNativeTarget section */
		213791EF21A6A3AF00C0B813 /* Test_ask.fm */ = {
			isa = PBXNativeTarget;
			buildConfigurationList = 2137921821A6A3B100C0B813 /* Build configuration list for PBXNativeTarget "Test_ask.fm" */;
			buildPhases = (
				213791EC21A6A3AF00C0B813 /* Sources */,
				213791ED21A6A3AF00C0B813 /* Frameworks */,
				213791EE21A6A3AF00C0B813 /* Resources */,
			);
			buildRules = (
			);
			dependencies = (
			);
			name = Test_ask.fm;
			productName = Test_ask.fm;
			productReference = 213791F021A6A3AF00C0B813 /* Test_ask.fm.app */;
			productType = "com.apple.product-type.application";
		};
		2137920321A6A3B100C0B813 /* Test_ask.fmTests */ = {
			isa = PBXNativeTarget;
			buildConfigurationList = 2137921B21A6A3B100C0B813 /* Build configuration list for PBXNativeTarget "Test_ask.fmTests" */;
			buildPhases = (
				2137920021A6A3B100C0B813 /* Sources */,
				2137920121A6A3B100C0B813 /* Frameworks */,
				2137920221A6A3B100C0B813 /* Resources */,
			);
			buildRules = (
			);
			dependencies = (
				2137920621A6A3B100C0B813 /* PBXTargetDependency */,
			);
			name = Test_ask.fmTests;
			productName = Test_ask.fmTests;
			productReference = 2137920421A6A3B100C0B813 /* Test_ask.fmTests.xctest */;
			productType = "com.apple.product-type.bundle.unit-test";
		};
		2137920E21A6A3B100C0B813 /* Test_ask.fmUITests */ = {
			isa = PBXNativeTarget;
			buildConfigurationList = 2137921E21A6A3B100C0B813 /* Build configuration list for PBXNativeTarget "Test_ask.fmUITests" */;
			buildPhases = (
				2137920B21A6A3B100C0B813 /* Sources */,
				2137920C21A6A3B100C0B813 /* Frameworks */,
				2137920D21A6A3B100C0B813 /* Resources */,
			);
			buildRules = (
			);
			dependencies = (
				2137921121A6A3B100C0B813 /* PBXTargetDependency */,
			);
			name = Test_ask.fmUITests;
			productName = Test_ask.fmUITests;
			productReference = 2137920F21A6A3B100C0B813 /* Test_ask.fmUITests.xctest */;
			productType = "com.apple.product-type.bundle.ui-testing";
		};
/* End PBXNativeTarget section */

/* Begin PBXProject section */
		213791E821A6A3AF00C0B813 /* Project object */ = {
			isa = PBXProject;
			attributes = {
				LastSwiftUpdateCheck = 1010;
				LastUpgradeCheck = 1010;
				TargetAttributes = {
					213791EF21A6A3AF00C0B813 = {
						CreatedOnToolsVersion = 10.1;
					};
					2137920321A6A3B100C0B813 = {
						CreatedOnToolsVersion = 10.1;
						TestTargetID = 213791EF21A6A3AF00C0B813;
					};
					2137920E21A6A3B100C0B813 = {
						CreatedOnToolsVersion = 10.1;
						TestTargetID = 213791EF21A6A3AF00C0B813;
					};
				};
			};
			buildConfigurationList = 213791EB21A6A3AF00C0B813 /* Build configuration list for PBXProject "Test_ask.fm" */;
			compatibilityVersion = "Xcode 9.3";
			developmentRegion = en;
			hasScannedForEncodings = 0;
			knownRegions = (
				en,
				Base,
			);
			mainGroup = 213791E721A6A3AF00C0B813;
			productRefGroup = 213791F121A6A3AF00C0B813 /* Products */;
			projectDirPath = "";
			projectRoot = "";
			targets = (
				213791EF21A6A3AF00C0B813 /* Test_ask.fm */,
				2137920321A6A3B100C0B813 /* Test_ask.fmTests */,
				2137920E21A6A3B100C0B813 /* Test_ask.fmUITests */,
			);
		};
/* End PBXProject section */

/* Begin PBXResourcesBuildPhase section */
		213791EE21A6A3AF00C0B813 /* Resources */ = {
			isa = PBXResourcesBuildPhase;
			buildActionMask = 2147483647;
			files = (
				213791FE21A6A3B100C0B813 /* LaunchScreen.storyboard in Resources */,
				213791FB21A6A3B100C0B813 /* Assets.xcassets in Resources */,
				213791F921A6A3AF00C0B813 /* Main.storyboard in Resources */,
			);
			runOnlyForDeploymentPostprocessing = 0;
		};
		2137920221A6A3B100C0B813 /* Resources */ = {
			isa = PBXResourcesBuildPhase;
			buildActionMask = 2147483647;
			files = (
			);
			runOnlyForDeploymentPostprocessing = 0;
		};
		2137920D21A6A3B100C0B813 /* Resources */ = {
			isa = PBXResourcesBuildPhase;
			buildActionMask = 2147483647;
			files = (
			);
			runOnlyForDeploymentPostprocessing = 0;
		};
/* End PBXResourcesBuildPhase section */

/* Begin PBXSourcesBuildPhase section */
		213791EC21A6A3AF00C0B813 /* Sources */ = {
			isa = PBXSourcesBuildPhase;
			buildActionMask = 2147483647;
			files = (
				213791F621A6A3AF00C0B813 /* ViewController.swift in Sources */,
				213791F421A6A3AF00C0B813 /* AppDelegate.swift in Sources */,
			);
			runOnlyForDeploymentPostprocessing = 0;
		};
		2137920021A6A3B100C0B813 /* Sources */ = {
			isa = PBXSourcesBuildPhase;
			buildActionMask = 2147483647;
			files = (
				2137920921A6A3B100C0B813 /* Test_ask_fmTests.swift in Sources */,
			);
			runOnlyForDeploymentPostprocessing = 0;
		};
		2137920B21A6A3B100C0B813 /* Sources */ = {
			isa = PBXSourcesBuildPhase;
			buildActionMask = 2147483647;
			files = (
				2137921421A6A3B100C0B813 /* Test_ask_fmUITests.swift in Sources */,
			);
			runOnlyForDeploymentPostprocessing = 0;
		};
/* End PBXSourcesBuildPhase section */

/* Begin PBXTargetDependency section */
		2137920621A6A3B100C0B813 /* PBXTargetDependency */ = {
			isa = PBXTargetDependency;
			target = 213791EF21A6A3AF00C0B813 /* Test_ask.fm */;
			targetProxy = 2137920521A6A3B100C0B813 /* PBXContainerItemProxy */;
		};
		2137921121A6A3B100C0B813 /* PBXTargetDependency */ = {
			isa = PBXTargetDependency;
			target = 213791EF21A6A3AF00C0B813 /* Test_ask.fm */;
			targetProxy = 2137921021A6A3B100C0B813 /* PBXContainerItemProxy */;
		};
/* End PBXTargetDependency section */

/* Begin PBXVariantGroup section */
		213791F721A6A3AF00C0B813 /* Main.storyboard */ = {
			isa = PBXVariantGroup;
			children = (
				213791F821A6A3AF00C0B813 /* Base */,
			);
			name = Main.storyboard;
			sourceTree = "<group>";
		};
		213791FC21A6A3B100C0B813 /* LaunchScreen.storyboard */ = {
			isa = PBXVariantGroup;
			children = (
				213791FD21A6A3B100C0B813 /* Base */,
			);
			name = LaunchScreen.storyboard;
			sourceTree = "<group>";
		};
/* End PBXVariantGroup section */

/* Begin XCBuildConfiguration section */
		2137921621A6A3B100C0B813 /* Debug */ = {
			isa = XCBuildConfiguration;
			buildSettings = {
				ALWAYS_SEARCH_USER_PATHS = NO;
				CLANG_ANALYZER_NONNULL = YES;
				CLANG_ANALYZER_NUMBER_OBJECT_CONVERSION = YES_AGGRESSIVE;
				CLANG_CXX_LANGUAGE_STANDARD = "gnu++14";
				CLANG_CXX_LIBRARY = "libc++";
				CLANG_ENABLE_MODULES = YES;
				CLANG_ENABLE_OBJC_ARC = YES;
				CLANG_ENABLE_OBJC_WEAK = YES;
				CLANG_WARN_BLOCK_CAPTURE_AUTORELEASING = YES;
				CLANG_WARN_BOOL_CONVERSION = YES;
				CLANG_WARN_COMMA = YES;
				CLANG_WARN_CONSTANT_CONVERSION = YES;
				CLANG_WARN_DEPRECATED_OBJC_IMPLEMENTATIONS = YES;
				CLANG_WARN_DIRECT_OBJC_ISA_USAGE = YES_ERROR;
				CLANG_WARN_DOCUMENTATION_COMMENTS = YES;
				CLANG_WARN_EMPTY_BODY = YES;
				CLANG_WARN_ENUM_CONVERSION = YES;
				CLANG_WARN_INFINITE_RECURSION = YES;
				CLANG_WARN_INT_CONVERSION = YES;
				CLANG_WARN_NON_LITERAL_NULL_CONVERSION = YES;
				CLANG_WARN_OBJC_IMPLICIT_RETAIN_SELF = YES;
				CLANG_WARN_OBJC_LITERAL_CONVERSION = YES;
				CLANG_WARN_OBJC_ROOT_CLASS = YES_ERROR;
				CLANG_WARN_RANGE_LOOP_ANALYSIS = YES;
				CLANG_WARN_STRICT_PROTOTYPES = YES;
				CLANG_WARN_SUSPICIOUS_MOVE = YES;
				CLANG_WARN_UNGUARDED_AVAILABILITY = YES_AGGRESSIVE;
				CLANG_WARN_UNREACHABLE_CODE = YES;
				CLANG_WARN__DUPLICATE_METHOD_MATCH = YES;
				CODE_SIGN_IDENTITY = "iPhone Developer";
				COPY_PHASE_STRIP = NO;
				DEBUG_INFORMATION_FORMAT = dwarf;
				ENABLE_STRICT_OBJC_MSGSEND = YES;
				ENABLE_TESTABILITY = YES;
				GCC_C_LANGUAGE_STANDARD = gnu11;
				GCC_DYNAMIC_NO_PIC = NO;
				GCC_NO_COMMON_BLOCKS = YES;
				GCC_OPTIMIZATION_LEVEL = 0;
				GCC_PREPROCESSOR_DEFINITIONS = (
					"DEBUG=1",
					"$(inherited)",
				);
				GCC_WARN_64_TO_32_BIT_CONVERSION = YES;
				GCC_WARN_ABOUT_RETURN_TYPE = YES_ERROR;
				GCC_WARN_UNDECLARED_SELECTOR = YES;
				GCC_WARN_UNINITIALIZED_AUTOS = YES_AGGRESSIVE;
				GCC_WARN_UNUSED_FUNCTION = YES;
				GCC_WARN_UNUSED_VARIABLE = YES;
				IPHONEOS_DEPLOYMENT_TARGET = 12.1;
				MTL_ENABLE_DEBUG_INFO = INCLUDE_SOURCE;
				MTL_FAST_MATH = YES;
				ONLY_ACTIVE_ARCH = YES;
				SDKROOT = iphoneos;
				SWIFT_ACTIVE_COMPILATION_CONDITIONS = DEBUG;
				SWIFT_OPTIMIZATION_LEVEL = "-Onone";
			};
			name = Debug;
		};
		2137921721A6A3B100C0B813 /* Release */ = {
			isa = XCBuildConfiguration;
			buildSettings = {
				ALWAYS_SEARCH_USER_PATHS = NO;
				CLANG_ANALYZER_NONNULL = YES;
				CLANG_ANALYZER_NUMBER_OBJECT_CONVERSION = YES_AGGRESSIVE;
				CLANG_CXX_LANGUAGE_STANDARD = "gnu++14";
				CLANG_CXX_LIBRARY = "libc++";
				CLANG_ENABLE_MODULES = YES;
				CLANG_ENABLE_OBJC_ARC = YES;
				CLANG_ENABLE_OBJC_WEAK = YES;
				CLANG_WARN_BLOCK_CAPTURE_AUTORELEASING = YES;
				CLANG_WARN_BOOL_CONVERSION = YES;
				CLANG_WARN_COMMA = YES;
				CLANG_WARN_CONSTANT_CONVERSION = YES;
				CLANG_WARN_DEPRECATED_OBJC_IMPLEMENTATIONS = YES;
				CLANG_WARN_DIRECT_OBJC_ISA_USAGE = YES_ERROR;
				CLANG_WARN_DOCUMENTATION_COMMENTS = YES;
				CLANG_WARN_EMPTY_BODY = YES;
				CLANG_WARN_ENUM_CONVERSION = YES;
				CLANG_WARN_INFINITE_RECURSION = YES;
				CLANG_WARN_INT_CONVERSION = YES;
				CLANG_WARN_NON_LITERAL_NULL_CONVERSION = YES;
				CLANG_WARN_OBJC_IMPLICIT_RETAIN_SELF = YES;
				CLANG_WARN_OBJC_LITERAL_CONVERSION = YES;
				CLANG_WARN_OBJC_ROOT_CLASS = YES_ERROR;
				CLANG_WARN_RANGE_LOOP_ANALYSIS = YES;
				CLANG_WARN_STRICT_PROTOTYPES = YES;
				CLANG_WARN_SUSPICIOUS_MOVE = YES;
				CLANG_WARN_UNGUARDED_AVAILABILITY = YES_AGGRESSIVE;
				CLANG_WARN_UNREACHABLE_CODE = YES;
				CLANG_WARN__DUPLICATE_METHOD_MATCH = YES;
				CODE_SIGN_IDENTITY = "iPhone Developer";
				COPY_PHASE_STRIP = NO;
				DEBUG_INFORMATION_FORMAT = "dwarf-with-dsym";
				ENABLE_NS_ASSERTIONS = NO;
				ENABLE_STRICT_OBJC_MSGSEND = YES;
				GCC_C_LANGUAGE_STANDARD = gnu11;
				GCC_NO_COMMON_BLOCKS = YES;
				GCC_WARN_64_TO_32_BIT_CONVERSION = YES;
				GCC_WARN_ABOUT_RETURN_TYPE = YES_ERROR;
				GCC_WARN_UNDECLARED_SELECTOR = YES;
				GCC_WARN_UNINITIALIZED_AUTOS = YES_AGGRESSIVE;
				GCC_WARN_UNUSED_FUNCTION = YES;
				GCC_WARN_UNUSED_VARIABLE = YES;
				IPHONEOS_DEPLOYMENT_TARGET = 12.1;
				MTL_ENABLE_DEBUG_INFO = NO;
				MTL_FAST_MATH = YES;
				SDKROOT = iphoneos;
				SWIFT_COMPILATION_MODE = wholemodule;
				SWIFT_OPTIMIZATION_LEVEL = "-O";
				VALIDATE_PRODUCT = YES;
			};
			name = Release;
		};
		2137921921A6A3B100C0B813 /* Debug */ = {
			isa = XCBuildConfiguration;
			buildSettings = {
				ASSETCATALOG_COMPILER_APPICON_NAME = AppIcon;
				CODE_SIGN_STYLE = Automatic;
				DEVELOPMENT_TEAM = K8MJ7RLC53;
				INFOPLIST_FILE = Test_ask.fm/Info.plist;
				LD_RUNPATH_SEARCH_PATHS = (
					"$(inherited)",
					"@executable_path/Frameworks",
				);
				PRODUCT_BUNDLE_IDENTIFIER = "com.ask.Test-ask-fm";
				PRODUCT_NAME = "$(TARGET_NAME)";
				SWIFT_VERSION = 4.2;
				TARGETED_DEVICE_FAMILY = "1,2";
			};
			name = Debug;
		};
		2137921A21A6A3B100C0B813 /* Release */ = {
			isa = XCBuildConfiguration;
			buildSettings = {
				ASSETCATALOG_COMPILER_APPICON_NAME = AppIcon;
				CODE_SIGN_STYLE = Automatic;
				DEVELOPMENT_TEAM = K8MJ7RLC53;
				INFOPLIST_FILE = Test_ask.fm/Info.plist;
				LD_RUNPATH_SEARCH_PATHS = (
					"$(inherited)",
					"@executable_path/Frameworks",
				);
				PRODUCT_BUNDLE_IDENTIFIER = "com.ask.Test-ask-fm";
				PRODUCT_NAME = "$(TARGET_NAME)";
				SWIFT_VERSION = 4.2;
				TARGETED_DEVICE_FAMILY = "1,2";
			};
			name = Release;
		};
		2137921C21A6A3B100C0B813 /* Debug */ = {
			isa = XCBuildConfiguration;
			buildSettings = {
				ALWAYS_EMBED_SWIFT_STANDARD_LIBRARIES = YES;
				BUNDLE_LOADER = "$(TEST_HOST)";
				CODE_SIGN_STYLE = Automatic;
				DEVELOPMENT_TEAM = K8MJ7RLC53;
				INFOPLIST_FILE = Test_ask.fmTests/Info.plist;
				LD_RUNPATH_SEARCH_PATHS = (
					"$(inherited)",
					"@executable_path/Frameworks",
					"@loader_path/Frameworks",
				);
				PRODUCT_BUNDLE_IDENTIFIER = "com.ask.Test-ask-fmTests";
				PRODUCT_NAME = "$(TARGET_NAME)";
				SWIFT_VERSION = 4.2;
				TARGETED_DEVICE_FAMILY = "1,2";
				TEST_HOST = "$(BUILT_PRODUCTS_DIR)/Test_ask.fm.app/Test_ask.fm";
			};
			name = Debug;
		};
		2137921D21A6A3B100C0B813 /* Release */ = {
			isa = XCBuildConfiguration;
			buildSettings = {
				ALWAYS_EMBED_SWIFT_STANDARD_LIBRARIES = YES;
				BUNDLE_LOADER = "$(TEST_HOST)";
				CODE_SIGN_STYLE = Automatic;
				DEVELOPMENT_TEAM = K8MJ7RLC53;
				INFOPLIST_FILE = Test_ask.fmTests/Info.plist;
				LD_RUNPATH_SEARCH_PATHS = (
					"$(inherited)",
					"@executable_path/Frameworks",
					"@loader_path/Frameworks",
				);
				PRODUCT_BUNDLE_IDENTIFIER = "com.ask.Test-ask-fmTests";
				PRODUCT_NAME = "$(TARGET_NAME)";
				SWIFT_VERSION = 4.2;
				TARGETED_DEVICE_FAMILY = "1,2";
				TEST_HOST = "$(BUILT_PRODUCTS_DIR)/Test_ask.fm.app/Test_ask.fm";
			};
			name = Release;
		};
		2137921F21A6A3B100C0B813 /* Debug */ = {
			isa = XCBuildConfiguration;
			buildSettings = {
				ALWAYS_EMBED_SWIFT_STANDARD_LIBRARIES = YES;
				CODE_SIGN_STYLE = Automatic;
				DEVELOPMENT_TEAM = K8MJ7RLC53;
				INFOPLIST_FILE = Test_ask.fmUITests/Info.plist;
				LD_RUNPATH_SEARCH_PATHS = (
					"$(inherited)",
					"@executable_path/Frameworks",
					"@loader_path/Frameworks",
				);
				PRODUCT_BUNDLE_IDENTIFIER = "com.ask.Test-ask-fmUITests";
				PRODUCT_NAME = "$(TARGET_NAME)";
				SWIFT_VERSION = 4.2;
				TARGETED_DEVICE_FAMILY = "1,2";
				TEST_TARGET_NAME = Test_ask.fm;
			};
			name = Debug;
		};
		2137922021A6A3B100C0B813 /* Release */ = {
			isa = XCBuildConfiguration;
			buildSettings = {
				ALWAYS_EMBED_SWIFT_STANDARD_LIBRARIES = YES;
				CODE_SIGN_STYLE = Automatic;
				DEVELOPMENT_TEAM = K8MJ7RLC53;
				INFOPLIST_FILE = Test_ask.fmUITests/Info.plist;
				LD_RUNPATH_SEARCH_PATHS = (
					"$(inherited)",
					"@executable_path/Frameworks",
					"@loader_path/Frameworks",
				);
				PRODUCT_BUNDLE_IDENTIFIER = "com.ask.Test-ask-fmUITests";
				PRODUCT_NAME = "$(TARGET_NAME)";
				SWIFT_VERSION = 4.2;
				TARGETED_DEVICE_FAMILY = "1,2";
				TEST_TARGET_NAME = Test_ask.fm;
			};
			name = Release;
		};
/* End XCBuildConfiguration section */

/* Begin XCConfigurationList section */
		213791EB21A6A3AF00C0B813 /* Build configuration list for PBXProject "Test_ask.fm" */ = {
			isa = XCConfigurationList;
			buildConfigurations = (
				2137921621A6A3B100C0B813 /* Debug */,
				2137921721A6A3B100C0B813 /* Release */,
			);
			defaultConfigurationIsVisible = 0;
			defaultConfigurationName = Release;
		};
		2137921821A6A3B100C0B813 /* Build configuration list for PBXNativeTarget "Test_ask.fm" */ = {
			isa = XCConfigurationList;
			buildConfigurations = (
				2137921921A6A3B100C0B813 /* Debug */,
				2137921A21A6A3B100C0B813 /* Release */,
			);
			defaultConfigurationIsVisible = 0;
			defaultConfigurationName = Release;
		};
		2137921B21A6A3B100C0B813 /* Build configuration list for PBXNativeTarget "Test_ask.fmTests" */ = {
			isa = XCConfigurationList;
			buildConfigurations = (
				2137921C21A6A3B100C0B813 /* Debug */,
				2137921D21A6A3B100C0B813 /* Release */,
			);
			defaultConfigurationIsVisible = 0;
			defaultConfigurationName = Release;
		};
		2137921E21A6A3B100C0B813 /* Build configuration list for PBXNativeTarget "Test_ask.fmUITests" */ = {
			isa = XCConfigurationList;
			buildConfigurations = (
				2137921F21A6A3B100C0B813 /* Debug */,
				2137922021A6A3B100C0B813 /* Release */,
			);
			defaultConfigurationIsVisible = 0;
			defaultConfigurationName = Release;
		};
/* End XCConfigurationList section */
	};
	rootObject = 213791E821A6A3AF00C0B813 /* Project object */;
}
